
Microsoft Visual Studio Solution File, Format Version 12.00
# Visual Studio Version 16
VisualStudioVersion = 16.0.30907.101
MinimumVisualStudioVersion = 10.0.40219.1
Project("{FAE04EC0-301F-11D3-BF4B-00C04F79EFBC}") = "NetSatis.Entities", "NetSatis.Entities\NetSatis.Entities.csproj", "{DBA0121D-6934-4B14-89D8-913111A5E5A7}"
EndProject
Project("{FAE04EC0-301F-11D3-BF4B-00C04F79EFBC}") = "NetSatis.BackOffice", "NetSatis.BackOffice\NetSatis.BackOffice.csproj", "{F1CDF7DD-E89C-4952-B5D6-5673FB524000}"
EndProject
Project("{FAE04EC0-301F-11D3-BF4B-00C04F79EFBC}") = "NetSatis.FrontOffice", "NetSatis.FrontOffice\NetSatis.FrontOffice.csproj", "{8C979EF6-40E7-4CFC-B578-164909EFF5D4}"
EndProject
Global
	GlobalSection(SolutionConfigurationPlatforms) = preSolution
		Debug|Any CPU = Debug|Any CPU
		Release|Any CPU = Release|Any CPU
	EndGlobalSection
	GlobalSection(ProjectConfigurationPlatforms) = postSolution
		{DBA0121D-6934-4B14-89D8-913111A5E5A7}.Debug|Any CPU.ActiveCfg = Debug|Any CPU
		{DBA0121D-6934-4B14-89D8-913111A5E5A7}.Debug|Any CPU.Build.0 = Debug|Any CPU
		{DBA0121D-6934-4B14-89D8-913111A5E5A7}.Release|Any CPU.ActiveCfg = Release|Any CPU
		{DBA0121D-6934-4B14-89D8-913111A5E5A7}.Release|Any CPU.Build.0 = Release|Any CPU
		{F1CDF7DD-E89C-4952-B5D6-5673FB524000}.Debug|Any CPU.ActiveCfg = Debug|Any CPU
		{F1CDF7DD-E89C-4952-B5D6-5673FB524000}.Debug|Any CPU.Build.0 = Debug|Any CPU
		{F1CDF7DD-E89C-4952-B5D6-5673FB524000}.Release|Any CPU.ActiveCfg = Release|Any CPU
		{F1CDF7DD-E89C-4952-B5D6-5673FB524000}.Release|Any CPU.Build.0 = Release|Any CPU
		{8C979EF6-40E7-4CFC-B578-164909EFF5D4}.Debug|Any CPU.ActiveCfg = Debug|Any CPU
		{8C979EF6-40E7-4CFC-B578-164909EFF5D4}.Debug|Any CPU.Build.0 = Debug|Any CPU
		{8C979EF6-40E7-4CFC-B578-164909EFF5D4}.Release|Any CPU.ActiveCfg = Release|Any CPU
		{8C979EF6-40E7-4CFC-B578-164909EFF5D4}.Release|Any CPU.Build.0 = Release|Any CPU
	EndGlobalSection
	GlobalSection(SolutionProperties) = preSolution
		HideSolutionNode = FALSE
	EndGlobalSection
	GlobalSection(ExtensibilityGlobals) = postSolution
		SolutionGuid = {3A564BF6-C24B-41DC-B04D-1B8A25CABD67}
	EndGlobalSection
EndGlobal
